// !$*UTF8*$!
{
	archiveVersion = 1;
	classes = {
	};
	objectVersion = 46;
	objects = {

/* Begin PBXBuildFile section */
		DB0CA7C91DBBF2AE00B5AD90 /* AppDelegate.swift in Sources */ = {isa = PBXBuildFile; fileRef = DB0CA7C81DBBF2AE00B5AD90 /* AppDelegate.swift */; };
		DB0CA7CB1DBBF2AE00B5AD90 /* ViewController.swift in Sources */ = {isa = PBXBuildFile; fileRef = DB0CA7CA1DBBF2AE00B5AD90 /* ViewController.swift */; };
		DB0CA7CE1DBBF2AE00B5AD90 /* Main.storyboard in Resources */ = {isa = PBXBuildFile; fileRef = DB0CA7CC1DBBF2AE00B5AD90 /* Main.storyboard */; };
		DB0CA7D01DBBF2AE00B5AD90 /* Assets.xcassets in Resources */ = {isa = PBXBuildFile; fileRef = DB0CA7CF1DBBF2AE00B5AD90 /* Assets.xcassets */; };
		DB0CA7D31DBBF2AE00B5AD90 /* LaunchScreen.storyboard in Resources */ = {isa = PBXBuildFile; fileRef = DB0CA7D11DBBF2AE00B5AD90 /* LaunchScreen.storyboard */; };
/* End PBXBuildFile section */

/* Begin PBXFileReference section */
		DB0CA7C51DBBF2AE00B5AD90 /* table.app */ = {isa = PBXFileReference; explicitFileType = wrapper.application; includeInIndex = 0; path = table.app; sourceTree = BUILT_PRODUCTS_DIR; };
		DB0CA7C81DBBF2AE00B5AD90 /* AppDelegate.swift */ = {isa = PBXFileReference; lastKnownFileType = sourcecode.swift; path = AppDelegate.swift; sourceTree = "<group>"; };
		DB0CA7CA1DBBF2AE00B5AD90 /* ViewController.swift */ = {isa = PBXFileReference; lastKnownFileType = sourcecode.swift; path = ViewController.swift; sourceTree = "<group>"; };
		DB0CA7CD1DBBF2AE00B5AD90 /* Base */ = {isa = PBXFileReference; lastKnownFileType = file.storyboard; name = Base; path = Base.lproj/Main.storyboard; sourceTree = "<group>"; };
		DB0CA7CF1DBBF2AE00B5AD90 /* Assets.xcassets */ = {isa = PBXFileReference; lastKnownFileType = folder.assetcatalog; path = Assets.xcassets; sourceTree = "<group>"; };
		DB0CA7D21DBBF2AE00B5AD90 /* Base */ = {isa = PBXFileReference; lastKnownFileType = file.storyboard; name = Base; path = Base.lproj/LaunchScreen.storyboard; sourceTree = "<group>"; };
		DB0CA7D41DBBF2AE00B5AD90 /* Info.plist */ = {isa = PBXFileReference; lastKnownFileType = text.plist.xml; path = Info.plist; sourceTree = "<group>"; };
/* End PBXFileReference section */

/* Begin PBXFrameworksBuildPhase section */
		DB0CA7C21DBBF2AE00B5AD90 /* Frameworks */ = {
			isa = PBXFrameworksBuildPhase;
			buildActionMask = 2147483647;
			files = (
			);
			runOnlyForDeploymentPostprocessing = 0;
		};
/* End PBXFrameworksBuildPhase section */

/* Begin PBXGroup section */
		DB0CA7BC1DBBF2AE00B5AD90 = {
			isa = PBXGroup;
			children = (
				DB0CA7C71DBBF2AE00B5AD90 /* table */,
				DB0CA7C61DBBF2AE00B5AD90 /* Products */,
			);
			sourceTree = "<group>";
		};
		DB0CA7C61DBBF2AE00B5AD90 /* Products */ = {
			isa = PBXGroup;
			children = (
				DB0CA7C51DBBF2AE00B5AD90 /* table.app */,
			);
			name = Products;
			sourceTree = "<group>";
		};
		DB0CA7C71DBBF2AE00B5AD90 /* table */ = {
			isa = PBXGroup;
			children = (
				DB0CA7C81DBBF2AE00B5AD90 /* AppDelegate.swift */,
				DB0CA7CA1DBBF2AE00B5AD90 /* ViewController.swift */,
				DB0CA7CC1DBBF2AE00B5AD90 /* Main.storyboard */,
				DB0CA7CF1DBBF2AE00B5AD90 /* Assets.xcassets */,
				DB0CA7D11DBBF2AE00B5AD90 /* LaunchScreen.storyboard */,
				DB0CA7D41DBBF2AE00B5AD90 /* Info.plist */,
			);
			path = table;
			sourceTree = "<group>";
		};
/* End PBXGroup section */

/* Begin PBXNativeTarget section */
		DB0CA7C41DBBF2AE00B5AD90 /* table */ = {
			isa = PBXNativeTarget;
			buildConfigurationList = DB0CA7D71DBBF2AE00B5AD90 /* Build configuration list for PBXNativeTarget "table" */;
			buildPhases = (
				DB0CA7C11DBBF2AE00B5AD90 /* Sources */,
				DB0CA7C21DBBF2AE00B5AD90 /* Frameworks */,
				DB0CA7C31DBBF2AE00B5AD90 /* Resources */,
			);
			buildRules = (
			);
			dependencies = (
			);
			name = table;
			productName = table;
			productReference = DB0CA7C51DBBF2AE00B5AD90 /* table.app */;
			productType = "com.apple.product-type.application";
		};
/* End PBXNativeTarget section */

/* Begin PBXProject section */
		DB0CA7BD1DBBF2AE00B5AD90 /* Project object */ = {
			isa = PBXProject;
			attributes = {
				LastSwiftUpdateCheck = 0800;
				LastUpgradeCheck = 0800;
				ORGANIZATIONNAME = "Nick Williams";
				TargetAttributes = {
					DB0CA7C41DBBF2AE00B5AD90 = {
						CreatedOnToolsVersion = 8.0;
						ProvisioningStyle = Automatic;
					};
				};
			};
			buildConfigurationList = DB0CA7C01DBBF2AE00B5AD90 /* Build configuration list for PBXProject "table" */;
			compatibilityVersion = "Xcode 3.2";
			developmentRegion = English;
			hasScannedForEncodings = 0;
			knownRegions = (
				en,
				Base,
			);
			mainGroup = DB0CA7BC1DBBF2AE00B5AD90;
			productRefGroup = DB0CA7C61DBBF2AE00B5AD90 /* Products */;
			projectDirPath = "";
			projectRoot = "";
			targets = (
				DB0CA7C41DBBF2AE00B5AD90 /* table */,
			);
		};
/* End PBXProject section */

/* Begin PBXResourcesBuildPhase section */
		DB0CA7C31DBBF2AE00B5AD90 /* Resources */ = {
			isa = PBXResourcesBuildPhase;
			buildActionMask = 2147483647;
			files = (
				DB0CA7D31DBBF2AE00B5AD90 /* LaunchScreen.storyboard in Resources */,
				DB0CA7D01DBBF2AE00B5AD90 /* Assets.xcassets in Resources */,
				DB0CA7CE1DBBF2AE00B5AD90 /* Main.storyboard in Resources */,
			);
			runOnlyForDeploymentPostprocessing = 0;
		};
/* End PBXResourcesBuildPhase section */

/* Begin PBXSourcesBuildPhase section */
		DB0CA7C11DBBF2AE00B5AD90 /* Sources */ = {
			isa = PBXSourcesBuildPhase;
			buildActionMask = 2147483647;
			files = (
				DB0CA7CB1DBBF2AE00B5AD90 /* ViewController.swift in Sources */,
				DB0CA7C91DBBF2AE00B5AD90 /* AppDelegate.swift in Sources */,
			);
			runOnlyForDeploymentPostprocessing = 0;
		};
/* End PBXSourcesBuildPhase section */

/* Begin PBXVariantGroup section */
		DB0CA7CC1DBBF2AE00B5AD90 /* Main.storyboard */ = {
			isa = PBXVariantGroup;
			children = (
				DB0CA7CD1DBBF2AE00B5AD90 /* Base */,
			);
			name = Main.storyboard;
			sourceTree = "<group>";
		};
		DB0CA7D11DBBF2AE00B5AD90 /* LaunchScreen.storyboard */ = {
			isa = PBXVariantGroup;
			children = (
				DB0CA7D21DBBF2AE00B5AD90 /* Base */,
			);
			name = LaunchScreen.storyboard;
			sourceTree = "<group>";
		};
/* End PBXVariantGroup section */

/* Begin XCBuildConfiguration section */
		DB0CA7D51DBBF2AE00B5AD90 /* Debug */ = {
			isa = XCBuildConfiguration;
			buildSettings = {
				ALWAYS_SEARCH_USER_PATHS = NO;
				CLANG_ANALYZER_NONNULL = YES;
				CLANG_CXX_LANGUAGE_STANDARD = "gnu++0x";
				CLANG_CXX_LIBRARY = "libc++";
				CLANG_ENABLE_MODULES = YES;
				CLANG_ENABLE_OBJC_ARC = YES;
				CLANG_WARN_BOOL_CONVERSION = YES;
				CLANG_WARN_CONSTANT_CONVERSION = YES;
				CLANG_WARN_DIRECT_OBJC_ISA_USAGE = YES_ERROR;
				CLANG_WARN_DOCUMENTATION_COMMENTS = YES;
				CLANG_WARN_EMPTY_BODY = YES;
				CLANG_WARN_ENUM_CONVERSION = YES;
				CLANG_WARN_INFINITE_RECURSION = YES;
				CLANG_WARN_INT_CONVERSION = YES;
				CLANG_WARN_OBJC_ROOT_CLASS = YES_ERROR;
				CLANG_WARN_SUSPICIOUS_MOVES = YES;
				CLANG_WARN_UNREACHABLE_CODE = YES;
				CLANG_WARN__DUPLICATE_METHOD_MATCH = YES;
				"CODE_SIGN_IDENTITY[sdk=iphoneos*]" = "iPhone Developer";
				COPY_PHASE_STRIP = NO;
				DEBUG_INFORMATION_FORMAT = dwarf;
				ENABLE_STRICT_OBJC_MSGSEND = YES;
				ENABLE_TESTABILITY = YES;
				GCC_C_LANGUAGE_STANDARD = gnu99;
				GCC_DYNAMIC_NO_PIC = NO;
				GCC_NO_COMMON_BLOCKS = YES;
				GCC_OPTIMIZATION_LEVEL = 0;
				GCC_PREPROCESSOR_DEFINITIONS = (
					"DEBUG=1",
					"$(inherited)",
				);
				GCC_WARN_64_TO_32_BIT_CONVERSION = YES;
				GCC_WARN_ABOUT_RETURN_TYPE = YES_ERROR;
				GCC_WARN_UNDECLARED_SELECTOR = YES;
				GCC_WARN_UNINITIALIZED_AUTOS = YES_AGGRESSIVE;
				GCC_WARN_UNUSED_FUNCTION = YES;
				GCC_WARN_UNUSED_VARIABLE = YES;
				IPHONEOS_DEPLOYMENT_TARGET = 10.0;
				MTL_ENABLE_DEBUG_INFO = YES;
				ONLY_ACTIVE_ARCH = YES;
				SDKROOT = iphoneos;
				SWIFT_ACTIVE_COMPILATION_CONDITIONS = DEBUG;
				SWIFT_OPTIMIZATION_LEVEL = "-Onone";
			};
			name = Debug;
		};
		DB0CA7D61DBBF2AE00B5AD90 /* Release */ = {
			isa = XCBuildConfiguration;
			buildSettings = {
				ALWAYS_SEARCH_USER_PATHS = NO;
				CLANG_ANALYZER_NONNULL = YES;
				CLANG_CXX_LANGUAGE_STANDARD = "gnu++0x";
				CLANG_CXX_LIBRARY = "libc++";
				CLANG_ENABLE_MODULES = YES;
				CLANG_ENABLE_OBJC_ARC = YES;
				CLANG_WARN_BOOL_CONVERSION = YES;
				CLANG_WARN_CONSTANT_CONVERSION = YES;
				CLANG_WARN_DIRECT_OBJC_ISA_USAGE = YES_ERROR;
				CLANG_WARN_DOCUMENTATION_COMMENTS = YES;
				CLANG_WARN_EMPTY_BODY = YES;
				CLANG_WARN_ENUM_CONVERSION = YES;
				CLANG_WARN_INFINITE_RECURSION = YES;
				CLANG_WARN_INT_CONVERSION = YES;
				CLANG_WARN_OBJC_ROOT_CLASS = YES_ERROR;
				CLANG_WARN_SUSPICIOUS_MOVES = YES;
				CLANG_WARN_UNREACHABLE_CODE = YES;
				CLANG_WARN__DUPLICATE_METHOD_MATCH = YES;
				"CODE_SIGN_IDENTITY[sdk=iphoneos*]" = "iPhone Developer";
				COPY_PHASE_STRIP = NO;
				DEBUG_INFORMATION_FORMAT = "dwarf-with-dsym";
				ENABLE_NS_ASSERTIONS = NO;
				ENABLE_STRICT_OBJC_MSGSEND = YES;
				GCC_C_LANGUAGE_STANDARD = gnu99;
				GCC_NO_COMMON_BLOCKS = YES;
				GCC_WARN_64_TO_32_BIT_CONVERSION = YES;
				GCC_WARN_ABOUT_RETURN_TYPE = YES_ERROR;
				GCC_WARN_UNDECLARED_SELECTOR = YES;
				GCC_WARN_UNINITIALIZED_AUTOS = YES_AGGRESSIVE;
				GCC_WARN_UNUSED_FUNCTION = YES;
				GCC_WARN_UNUSED_VARIABLE = YES;
				IPHONEOS_DEPLOYMENT_TARGET = 10.0;
				MTL_ENABLE_DEBUG_INFO = NO;
				SDKROOT = iphoneos;
				SWIFT_OPTIMIZATION_LEVEL = "-Owholemodule";
				VALIDATE_PRODUCT = YES;
			};
			name = Release;
		};
		DB0CA7D81DBBF2AE00B5AD90 /* Debug */ = {
			isa = XCBuildConfiguration;
			buildSettings = {
				ASSETCATALOG_COMPILER_APPICON_NAME = AppIcon;
				INFOPLIST_FILE = table/Info.plist;
				LD_RUNPATH_SEARCH_PATHS = "$(inherited) @executable_path/Frameworks";
				PRODUCT_BUNDLE_IDENTIFIER = com.NickWilliams.table;
				PRODUCT_NAME = "$(TARGET_NAME)";
				SWIFT_VERSION = 3.0;
			};
			name = Debug;
		};
		DB0CA7D91DBBF2AE00B5AD90 /* Release */ = {
			isa = XCBuildConfiguration;
			buildSettings = {
				ASSETCATALOG_COMPILER_APPICON_NAME = AppIcon;
				INFOPLIST_FILE = table/Info.plist;
				LD_RUNPATH_SEARCH_PATHS = "$(inherited) @executable_path/Frameworks";
				PRODUCT_BUNDLE_IDENTIFIER = com.NickWilliams.table;
				PRODUCT_NAME = "$(TARGET_NAME)";
				SWIFT_VERSION = 3.0;
			};
			name = Release;
		};
/* End XCBuildConfiguration section */

/* Begin XCConfigurationList section */
		DB0CA7C01DBBF2AE00B5AD90 /* Build configuration list for PBXProject "table" */ = {
			isa = XCConfigurationList;
			buildConfigurations = (
				DB0CA7D51DBBF2AE00B5AD90 /* Debug */,
				DB0CA7D61DBBF2AE00B5AD90 /* Release */,
			);
			defaultConfigurationIsVisible = 0;
			defaultConfigurationName = Release;
		};
		DB0CA7D71DBBF2AE00B5AD90 /* Build configuration list for PBXNativeTarget "table" */ = {
			isa = XCConfigurationList;
			buildConfigurations = (
				DB0CA7D81DBBF2AE00B5AD90 /* Debug */,
				DB0CA7D91DBBF2AE00B5AD90 /* Release */,
			);
			defaultConfigurationIsVisible = 0;
		};
/* End XCConfigurationList section */
	};
	rootObject = DB0CA7BD1DBBF2AE00B5AD90 /* Project object */;
}
